
Microsoft Visual Studio Solution File, Format Version 12.00
Project("{FAE04EC0-301F-11D3-BF4B-00C04F79EFBC}") = "src\ContactsManagement.UI", "src\ContactsManagement.UI\ContactsManagement.UI.csproj", "{B599B1E5-45EC-4FF2-89A5-2EBF5D1D48F5}"
EndProject
Project("{FAE04EC0-301F-11D3-BF4B-00C04F79EFBC}") = "src\ContactsManagement.Infrastructure", "src\ContactsManagement.Infrastructure\ContactsManagement.Infrastructure.csproj", "{05DF25F0-FDE9-4F03-AFB4-9C04E8EDFC5A}"
EndProject
Project("{FAE04EC0-301F-11D3-BF4B-00C04F79EFBC}") = "src\ContactsManagement.Core", "src\ContactsManagement.Core\ContactsManagement.Core.csproj", "{68D8A854-59B5-46BA-A7FC-D68AD9A0BA3C}"
EndProject
Project("{FAE04EC0-301F-11D3-BF4B-00C04F79EFBC}") = "tests\ContactsManagement.ControllerTests", "tests\ContactsManagement.ControllerTests\ContactsManagement.ControllerTests.csproj", "{856FDF95-3150-4C45-98EF-EC5E0FA3FC1B}"
EndProject
Project("{FAE04EC0-301F-11D3-BF4B-00C04F79EFBC}") = "tests\ContactsManagement.IntegrationTests", "tests\ContactsManagement.IntegrationTests\ContactsManagement.IntegrationTests.csproj", "{C6765DC4-C6AE-4140-A725-40F9118C7F11}"
EndProject
Project("{FAE04EC0-301F-11D3-BF4B-00C04F79EFBC}") = "tests\ContactsManagement.ServiceTests", "tests\ContactsManagement.ServiceTests\ContactsManagement.ServiceTests.csproj", "{AF4E9827-5D73-4D2D-9753-73B6F0D0DF9E}"
EndProject
Project("{FAE04EC0-301F-11D3-BF4B-00C04F79EFBC}") = "src\ContactsManagement.WebApi.UI", "src\ContactsManagement.WebApi.UI\ContactsManagement.WebApi.UI.csproj", "{5F27BECC-CCC6-4F5F-AA4A-06169D3C5591}"
EndProject
Project("{FAE04EC0-301F-11D3-BF4B-00C04F79EFBC}") = "src\ContactsManagement.MinimalApi.UI", "src\ContactsManagement.MinimalApi.UI\ContactsManagement.MinimalApi.UI.csproj", "{C454BE70-E299-4EA1-86F9-00BCE6492F3E}"
EndProject
Global
	GlobalSection(SolutionConfigurationPlatforms) = preSolution
		Debug|Any CPU = Debug|Any CPU
		Release|Any CPU = Release|Any CPU
	EndGlobalSection
	GlobalSection(ProjectConfigurationPlatforms) = postSolution
		{B599B1E5-45EC-4FF2-89A5-2EBF5D1D48F5}.Debug|Any CPU.ActiveCfg = Debug|Any CPU
		{B599B1E5-45EC-4FF2-89A5-2EBF5D1D48F5}.Debug|Any CPU.Build.0 = Debug|Any CPU
		{B599B1E5-45EC-4FF2-89A5-2EBF5D1D48F5}.Release|Any CPU.ActiveCfg = Release|Any CPU
		{B599B1E5-45EC-4FF2-89A5-2EBF5D1D48F5}.Release|Any CPU.Build.0 = Release|Any CPU
		{05DF25F0-FDE9-4F03-AFB4-9C04E8EDFC5A}.Debug|Any CPU.ActiveCfg = Debug|Any CPU
		{05DF25F0-FDE9-4F03-AFB4-9C04E8EDFC5A}.Debug|Any CPU.Build.0 = Debug|Any CPU
		{05DF25F0-FDE9-4F03-AFB4-9C04E8EDFC5A}.Release|Any CPU.ActiveCfg = Release|Any CPU
		{05DF25F0-FDE9-4F03-AFB4-9C04E8EDFC5A}.Release|Any CPU.Build.0 = Release|Any CPU
		{68D8A854-59B5-46BA-A7FC-D68AD9A0BA3C}.Debug|Any CPU.ActiveCfg = Debug|Any CPU
		{68D8A854-59B5-46BA-A7FC-D68AD9A0BA3C}.Debug|Any CPU.Build.0 = Debug|Any CPU
		{68D8A854-59B5-46BA-A7FC-D68AD9A0BA3C}.Release|Any CPU.ActiveCfg = Release|Any CPU
		{68D8A854-59B5-46BA-A7FC-D68AD9A0BA3C}.Release|Any CPU.Build.0 = Release|Any CPU
		{856FDF95-3150-4C45-98EF-EC5E0FA3FC1B}.Debug|Any CPU.ActiveCfg = Debug|Any CPU
		{856FDF95-3150-4C45-98EF-EC5E0FA3FC1B}.Debug|Any CPU.Build.0 = Debug|Any CPU
		{856FDF95-3150-4C45-98EF-EC5E0FA3FC1B}.Release|Any CPU.ActiveCfg = Release|Any CPU
		{856FDF95-3150-4C45-98EF-EC5E0FA3FC1B}.Release|Any CPU.Build.0 = Release|Any CPU
		{C6765DC4-C6AE-4140-A725-40F9118C7F11}.Debug|Any CPU.ActiveCfg = Debug|Any CPU
		{C6765DC4-C6AE-4140-A725-40F9118C7F11}.Debug|Any CPU.Build.0 = Debug|Any CPU
		{C6765DC4-C6AE-4140-A725-40F9118C7F11}.Release|Any CPU.ActiveCfg = Release|Any CPU
		{C6765DC4-C6AE-4140-A725-40F9118C7F11}.Release|Any CPU.Build.0 = Release|Any CPU
		{AF4E9827-5D73-4D2D-9753-73B6F0D0DF9E}.Debug|Any CPU.ActiveCfg = Debug|Any CPU
		{AF4E9827-5D73-4D2D-9753-73B6F0D0DF9E}.Debug|Any CPU.Build.0 = Debug|Any CPU
		{AF4E9827-5D73-4D2D-9753-73B6F0D0DF9E}.Release|Any CPU.ActiveCfg = Release|Any CPU
		{AF4E9827-5D73-4D2D-9753-73B6F0D0DF9E}.Release|Any CPU.Build.0 = Release|Any CPU
		{5F27BECC-CCC6-4F5F-AA4A-06169D3C5591}.Debug|Any CPU.ActiveCfg = Debug|Any CPU
		{5F27BECC-CCC6-4F5F-AA4A-06169D3C5591}.Debug|Any CPU.Build.0 = Debug|Any CPU
		{5F27BECC-CCC6-4F5F-AA4A-06169D3C5591}.Release|Any CPU.ActiveCfg = Release|Any CPU
		{5F27BECC-CCC6-4F5F-AA4A-06169D3C5591}.Release|Any CPU.Build.0 = Release|Any CPU
		{C454BE70-E299-4EA1-86F9-00BCE6492F3E}.Debug|Any CPU.ActiveCfg = Debug|Any CPU
		{C454BE70-E299-4EA1-86F9-00BCE6492F3E}.Debug|Any CPU.Build.0 = Debug|Any CPU
		{C454BE70-E299-4EA1-86F9-00BCE6492F3E}.Release|Any CPU.ActiveCfg = Release|Any CPU
		{C454BE70-E299-4EA1-86F9-00BCE6492F3E}.Release|Any CPU.Build.0 = Release|Any CPU
	EndGlobalSection
EndGlobal
